{
  "name": "wifi-kicker",
  "version": "1.0.0",
  "lockfileVersion": 3,
  "requires": true,
  "packages": {
    "": {
      "name": "wifi-kicker",
      "version": "1.0.0",
      "license": "ISC",
      "dependencies": {
        "arpjs": "^1.2.0"
      }
    },
    "node_modules/@types/node": {
      "version": "10.17.60",
      "resolved": "https://registry.npmjs.org/@types/node/-/node-10.17.60.tgz",
      "integrity": "sha512-F0KIgDJfy2nA3zMLmWGKxcH2ZVEtCZXHHdOQs2gSaQ27+lNeEfGxzkIw90aXswATX7AZ33tahPbzy6KAfUreVw=="
    },
    "node_modules/arpjs": {
      "version": "1.2.0",
      "resolved": "https://registry.npmjs.org/arpjs/-/arpjs-1.2.0.tgz",
      "integrity": "sha512-J3r3rm4lBFV5fpEwyR3nT74BJ4/nBg/DCrX4iESTO8uFmYYvhd/186H8uz3ple+EwvN0V+SOq+jcmhULqVC+OQ==",
      "dependencies": {
        "debug": "^3.1.0",
        "getmac": "1.0.7",
        "ip": "1.0.2",
        "pcap": "github:mranney/node_pcap"
      },
      "engines": {
        "node": ">= 0.8.0"
      }
    },
    "node_modules/debug": {
      "version": "3.2.7",
      "resolved": "https://registry.npmjs.org/debug/-/debug-3.2.7.tgz",
      "integrity": "sha512-CFjzYYAi4ThfiQvizrFQevTTXHtnCqWfe7x1AhgEscTz6ZbLbfoLRLPugTQyBth6f8ZERVUSyWHFD/7Wu4t1XQ==",
      "dependencies": {
        "ms": "^2.1.1"
      }
    },
    "node_modules/extract-opts": {
      "version": "2.2.0",
      "resolved": "https://registry.npmjs.org/extract-opts/-/extract-opts-2.2.0.tgz",
      "integrity": "sha512-6DLdrGn/6m2K0Rf/sMnFi/WqB5WPBeFR2nxpi2iwsf+PnXFuiz+5m0+m0YOcfFEoV4vFxl4kxZj8OG45vMp+pw==",
      "dependencies": {
        "typechecker": "~2.0.1"
      },
      "engines": {
        "node": ">=0.4"
      }
    },
    "node_modules/getmac": {
      "version": "1.0.7",
      "resolved": "https://registry.npmjs.org/getmac/-/getmac-1.0.7.tgz",
      "integrity": "sha512-Cl7xiGwKwy8zP21gSPCG9Y8CpSBp1zbcj54sKE1D8P4LSidP1/Sj4dWlgpr/CW6KWkQbj9q4EgfBhLOtYP1ndw==",
      "dependencies": {
        "extract-opts": "^2.2.0"
      },
      "bin": {
        "getmac-node": "bin/getmac-node"
      },
      "engines": {
        "node": ">=0.4"
      }
    },
    "node_modules/ip": {
      "version": "1.0.2",
      "resolved": "https://registry.npmjs.org/ip/-/ip-1.0.2.tgz",
      "integrity": "sha512-NWuHbgjA6fzQXBwyTdTRHlOMRUbRV8M6/Xq67IArDcJPu53cVpJ3DKvicFWdHCM+L+D+iaYqSYBOEOvhjZfaRw=="
    },
    "node_modules/ms": {
      "version": "2.1.3",
      "resolved": "https://registry.npmjs.org/ms/-/ms-2.1.3.tgz",
      "integrity": "sha512-6FlzubTLZG3J2a/NVCAleEhjzq5oxgHyaCU9yYXvcLsvoVaHJq/s5xXI6/XXP6tz7R9xAOtHnSO/tXtF3WRTlA=="
    },
    "node_modules/nan": {
      "version": "2.18.0",
      "resolved": "https://registry.npmjs.org/nan/-/nan-2.18.0.tgz",
      "integrity": "sha512-W7tfG7vMOGtD30sHoZSSc/JVYiyDPEyQVso/Zz+/uQd0B0L46gtC+pHha5FFMRpil6fm/AoEcRWyOVi4+E/f8w=="
    },
    "node_modules/pcap": {
      "version": "3.1.0",
      "resolved": "git+ssh://git@github.com/mranney/node_pcap.git#5a88ce16b4e83cd7120008c993ed2c59de55f50c",
      "hasInstallScript": true,
      "license": "MIT",
      "dependencies": {
        "@types/node": "^10.0.0",
        "nan": "^2.14.0"
      },
      "engines": {
        "node": ">=10.0.0"
      }
    },
    "node_modules/typechecker": {
      "version": "2.0.8",
      "resolved": "https://registry.npmjs.org/typechecker/-/typechecker-2.0.8.tgz",
      "integrity": "sha512-7czjA7j/rc9zA/mTzsjD1yc41GIuARzFXIs69cc0PeMRu7uiGpQw4Cs83l/NjJj93PnSxeTZrOc2lDDLUmmpwg==",
      "hasInstallScript": true,
      "engines": {
        "node": ">=0.4"
      }
    }
  }
}
